
Microsoft Visual Studio Solution File, Format Version 12.00
# Visual Studio Version 17
VisualStudioVersion = 17.14.36119.2
MinimumVisualStudioVersion = 10.0.40219.1
Project("{2150E333-8FDC-42A3-9474-1A3956D46DE8}") = "API", "API", "{02EA681E-C7D8-13C7-8484-4AC65E1B71E8}"
EndProject
Project("{FAE04EC0-301F-11D3-BF4B-00C04F79EFBC}") = "SGHR.Api", "..\SGHR.Api\SGHR.Api.csproj", "{ABC23B0C-B18C-4038-9448-B37A942A7258}"
EndProject
Project("{2150E333-8FDC-42A3-9474-1A3956D46DE8}") = "Application", "Application", "{ABAD8CD7-639F-4A21-B467-FA958795FA61}"
EndProject
Project("{FAE04EC0-301F-11D3-BF4B-00C04F79EFBC}") = "SGHR.Application", "..\SGHR.Application\SGHR.Application.csproj", "{A4EC58DC-9893-412C-9556-F0680F813A51}"
EndProject
Project("{2150E333-8FDC-42A3-9474-1A3956D46DE8}") = "Core", "Core", "{0609D2FF-B4DD-4564-9818-C18ADEECDD36}"
EndProject
Project("{FAE04EC0-301F-11D3-BF4B-00C04F79EFBC}") = "SGHR.Domain", "..\SGHR.Domain\SGHR.Domain.csproj", "{1D6A8DDC-407E-496C-84A8-86370F8BE975}"
EndProject
Project("{2150E333-8FDC-42A3-9474-1A3956D46DE8}") = "Infraestructure", "Infraestructure", "{8EAE4921-4EF5-4A0A-A2AD-E123CF35E174}"
EndProject
Project("{FAE04EC0-301F-11D3-BF4B-00C04F79EFBC}") = "SGHR.Infraestructure", "..\SGHR.Infraestructure\SGHR.Infraestructure.csproj", "{0F6F707F-6E0D-4372-9449-1B775CF1D26A}"
EndProject
Project("{FAE04EC0-301F-11D3-BF4B-00C04F79EFBC}") = "SGHR.Persistence", "..\SGHR.Persistence\SGHR.Persistence.csproj", "{5DB0B4EE-653F-4D0D-8004-BCC936AF0954}"
EndProject
Project("{2150E333-8FDC-42A3-9474-1A3956D46DE8}") = "IOC", "IOC", "{46758A53-DAAA-4965-BDC5-91D440683F5E}"
EndProject
Project("{FAE04EC0-301F-11D3-BF4B-00C04F79EFBC}") = "SGHR.IOC", "..\SGHR.IOC\SGHR.IOC.csproj", "{DBAC79BC-974A-48C2-A3C3-B073BE2FC79B}"
EndProject
Project("{2150E333-8FDC-42A3-9474-1A3956D46DE8}") = "Test", "Test", "{864403A6-09EA-4B1B-8658-439751D3AAE5}"
EndProject
Project("{FAE04EC0-301F-11D3-BF4B-00C04F79EFBC}") = "SGHR.Application.Test", "..\SGHR.Application.Test\SGHR.Application.Test.csproj", "{98290C3A-499C-4A37-BA20-7805953BE6E8}"
EndProject
Project("{FAE04EC0-301F-11D3-BF4B-00C04F79EFBC}") = "SGHR.Persistence.Test", "..\SGHR.Persistence.Test\SGHR.Persistence.Test.csproj", "{0E676A6F-9DA1-48BC-B34D-16D6FF0F3584}"
EndProject
Project("{FAE04EC0-301F-11D3-BF4B-00C04F79EFBC}") = "SGHR.Model", "..\SGHR.Model\SGHR.Model.csproj", "{5FE4C872-1004-4CE1-8210-CFB6E633DA2F}"
EndProject
Global
	GlobalSection(SolutionConfigurationPlatforms) = preSolution
		Debug|Any CPU = Debug|Any CPU
		Release|Any CPU = Release|Any CPU
	EndGlobalSection
	GlobalSection(ProjectConfigurationPlatforms) = postSolution
		{ABC23B0C-B18C-4038-9448-B37A942A7258}.Debug|Any CPU.ActiveCfg = Debug|Any CPU
		{ABC23B0C-B18C-4038-9448-B37A942A7258}.Debug|Any CPU.Build.0 = Debug|Any CPU
		{ABC23B0C-B18C-4038-9448-B37A942A7258}.Release|Any CPU.ActiveCfg = Release|Any CPU
		{ABC23B0C-B18C-4038-9448-B37A942A7258}.Release|Any CPU.Build.0 = Release|Any CPU
		{A4EC58DC-9893-412C-9556-F0680F813A51}.Debug|Any CPU.ActiveCfg = Debug|Any CPU
		{A4EC58DC-9893-412C-9556-F0680F813A51}.Debug|Any CPU.Build.0 = Debug|Any CPU
		{A4EC58DC-9893-412C-9556-F0680F813A51}.Release|Any CPU.ActiveCfg = Release|Any CPU
		{A4EC58DC-9893-412C-9556-F0680F813A51}.Release|Any CPU.Build.0 = Release|Any CPU
		{1D6A8DDC-407E-496C-84A8-86370F8BE975}.Debug|Any CPU.ActiveCfg = Debug|Any CPU
		{1D6A8DDC-407E-496C-84A8-86370F8BE975}.Debug|Any CPU.Build.0 = Debug|Any CPU
		{1D6A8DDC-407E-496C-84A8-86370F8BE975}.Release|Any CPU.ActiveCfg = Release|Any CPU
		{1D6A8DDC-407E-496C-84A8-86370F8BE975}.Release|Any CPU.Build.0 = Release|Any CPU
		{0F6F707F-6E0D-4372-9449-1B775CF1D26A}.Debug|Any CPU.ActiveCfg = Debug|Any CPU
		{0F6F707F-6E0D-4372-9449-1B775CF1D26A}.Debug|Any CPU.Build.0 = Debug|Any CPU
		{0F6F707F-6E0D-4372-9449-1B775CF1D26A}.Release|Any CPU.ActiveCfg = Release|Any CPU
		{0F6F707F-6E0D-4372-9449-1B775CF1D26A}.Release|Any CPU.Build.0 = Release|Any CPU
		{5DB0B4EE-653F-4D0D-8004-BCC936AF0954}.Debug|Any CPU.ActiveCfg = Debug|Any CPU
		{5DB0B4EE-653F-4D0D-8004-BCC936AF0954}.Debug|Any CPU.Build.0 = Debug|Any CPU
		{5DB0B4EE-653F-4D0D-8004-BCC936AF0954}.Release|Any CPU.ActiveCfg = Release|Any CPU
		{5DB0B4EE-653F-4D0D-8004-BCC936AF0954}.Release|Any CPU.Build.0 = Release|Any CPU
		{DBAC79BC-974A-48C2-A3C3-B073BE2FC79B}.Debug|Any CPU.ActiveCfg = Debug|Any CPU
		{DBAC79BC-974A-48C2-A3C3-B073BE2FC79B}.Debug|Any CPU.Build.0 = Debug|Any CPU
		{DBAC79BC-974A-48C2-A3C3-B073BE2FC79B}.Release|Any CPU.ActiveCfg = Release|Any CPU
		{DBAC79BC-974A-48C2-A3C3-B073BE2FC79B}.Release|Any CPU.Build.0 = Release|Any CPU
		{98290C3A-499C-4A37-BA20-7805953BE6E8}.Debug|Any CPU.ActiveCfg = Debug|Any CPU
		{98290C3A-499C-4A37-BA20-7805953BE6E8}.Debug|Any CPU.Build.0 = Debug|Any CPU
		{98290C3A-499C-4A37-BA20-7805953BE6E8}.Release|Any CPU.ActiveCfg = Release|Any CPU
		{98290C3A-499C-4A37-BA20-7805953BE6E8}.Release|Any CPU.Build.0 = Release|Any CPU
		{0E676A6F-9DA1-48BC-B34D-16D6FF0F3584}.Debug|Any CPU.ActiveCfg = Debug|Any CPU
		{0E676A6F-9DA1-48BC-B34D-16D6FF0F3584}.Debug|Any CPU.Build.0 = Debug|Any CPU
		{0E676A6F-9DA1-48BC-B34D-16D6FF0F3584}.Release|Any CPU.ActiveCfg = Release|Any CPU
		{0E676A6F-9DA1-48BC-B34D-16D6FF0F3584}.Release|Any CPU.Build.0 = Release|Any CPU
		{5FE4C872-1004-4CE1-8210-CFB6E633DA2F}.Debug|Any CPU.ActiveCfg = Debug|Any CPU
		{5FE4C872-1004-4CE1-8210-CFB6E633DA2F}.Debug|Any CPU.Build.0 = Debug|Any CPU
		{5FE4C872-1004-4CE1-8210-CFB6E633DA2F}.Release|Any CPU.ActiveCfg = Release|Any CPU
		{5FE4C872-1004-4CE1-8210-CFB6E633DA2F}.Release|Any CPU.Build.0 = Release|Any CPU
	EndGlobalSection
	GlobalSection(SolutionProperties) = preSolution
		HideSolutionNode = FALSE
	EndGlobalSection
	GlobalSection(NestedProjects) = preSolution
		{ABC23B0C-B18C-4038-9448-B37A942A7258} = {02EA681E-C7D8-13C7-8484-4AC65E1B71E8}
		{A4EC58DC-9893-412C-9556-F0680F813A51} = {ABAD8CD7-639F-4A21-B467-FA958795FA61}
		{1D6A8DDC-407E-496C-84A8-86370F8BE975} = {0609D2FF-B4DD-4564-9818-C18ADEECDD36}
		{0F6F707F-6E0D-4372-9449-1B775CF1D26A} = {8EAE4921-4EF5-4A0A-A2AD-E123CF35E174}
		{5DB0B4EE-653F-4D0D-8004-BCC936AF0954} = {8EAE4921-4EF5-4A0A-A2AD-E123CF35E174}
		{DBAC79BC-974A-48C2-A3C3-B073BE2FC79B} = {46758A53-DAAA-4965-BDC5-91D440683F5E}
		{98290C3A-499C-4A37-BA20-7805953BE6E8} = {864403A6-09EA-4B1B-8658-439751D3AAE5}
		{0E676A6F-9DA1-48BC-B34D-16D6FF0F3584} = {864403A6-09EA-4B1B-8658-439751D3AAE5}
	EndGlobalSection
	GlobalSection(ExtensibilityGlobals) = postSolution
		SolutionGuid = {73FEF82F-E500-48F7-B808-425DA0D3E712}
	EndGlobalSection
EndGlobal
